// !$*UTF8*$!
{
	archiveVersion = 1;
	classes = {
	};
	objectVersion = 56;
	objects = {

/* Begin PBXBuildFile section */
		7E035B512C18A9630009E848 /* UserDefaultsManager.swift in Sources */ = {isa = PBXBuildFile; fileRef = 7E035B502C18A9630009E848 /* UserDefaultsManager.swift */; };
		7E035B532C18AA790009E848 /* AddUserViewModel.swift in Sources */ = {isa = PBXBuildFile; fileRef = 7E035B522C18AA790009E848 /* AddUserViewModel.swift */; };
		7E035B552C18AAD10009E848 /* UsersListViewModel.swift in Sources */ = {isa = PBXBuildFile; fileRef = 7E035B542C18AAD10009E848 /* UsersListViewModel.swift */; };
		7E035B572C18ABCC0009E848 /* UserListWireframe.swift in Sources */ = {isa = PBXBuildFile; fileRef = 7E035B562C18ABCC0009E848 /* UserListWireframe.swift */; };
		7E1819D72C3DA95000B39B45 /* FirebaseAnalytics in Frameworks */ = {isa = PBXBuildFile; productRef = 7E1819D62C3DA95000B39B45 /* FirebaseAnalytics */; };
		7E1819D92C3DA95000B39B45 /* FirebaseCrashlytics in Frameworks */ = {isa = PBXBuildFile; productRef = 7E1819D82C3DA95000B39B45 /* FirebaseCrashlytics */; };
		7E1819DF2C3DBCA100B39B45 /* GoogleService-Info.plist in Resources */ = {isa = PBXBuildFile; fileRef = 7E1819DE2C3DBCA100B39B45 /* GoogleService-Info.plist */; };
		7E2864782C10DBA8005F8C7F /* UserModel.swift in Sources */ = {isa = PBXBuildFile; fileRef = 7E2864772C10DBA8005F8C7F /* UserModel.swift */; };
		7E862CDE2C2B359200EC39F3 /* MapWireframe.swift in Sources */ = {isa = PBXBuildFile; fileRef = 7E862CDD2C2B359100EC39F3 /* MapWireframe.swift */; };
		7E862CE02C2B369F00EC39F3 /* MapViewModel.swift in Sources */ = {isa = PBXBuildFile; fileRef = 7E862CDF2C2B369F00EC39F3 /* MapViewModel.swift */; };
		7E862CE22C2B472200EC39F3 /* UserCell.xib in Resources */ = {isa = PBXBuildFile; fileRef = 7E862CE12C2B472200EC39F3 /* UserCell.xib */; };
		7E956CC22C0644F1000B150E /* AppDelegate.swift in Sources */ = {isa = PBXBuildFile; fileRef = 7E956CC12C0644F1000B150E /* AppDelegate.swift */; };
		7E956CC42C0644F1000B150E /* SceneDelegate.swift in Sources */ = {isa = PBXBuildFile; fileRef = 7E956CC32C0644F1000B150E /* SceneDelegate.swift */; };
		7E956CC92C0644F1000B150E /* Base in Resources */ = {isa = PBXBuildFile; fileRef = 7E956CC82C0644F1000B150E /* Base */; };
		7E956CCE2C0644F2000B150E /* Assets.xcassets in Resources */ = {isa = PBXBuildFile; fileRef = 7E956CCD2C0644F2000B150E /* Assets.xcassets */; };
		7E956CD12C0644F2000B150E /* Base in Resources */ = {isa = PBXBuildFile; fileRef = 7E956CD02C0644F2000B150E /* Base */; };
		7E9E2EAD2C232905004E1361 /* UserDetailWireframe.swift in Sources */ = {isa = PBXBuildFile; fileRef = 7E9E2EAC2C232905004E1361 /* UserDetailWireframe.swift */; };
		7E9E2EB02C232918004E1361 /* UserDetailView.xib in Resources */ = {isa = PBXBuildFile; fileRef = 7E9E2EAF2C232918004E1361 /* UserDetailView.xib */; };
		7E9E2EB12C232918004E1361 /* UserDetailViewController.swift in Sources */ = {isa = PBXBuildFile; fileRef = 7E9E2EAE2C232918004E1361 /* UserDetailViewController.swift */; };
		7E9E2EB42C23293B004E1361 /* UserDetailViewModel.swift in Sources */ = {isa = PBXBuildFile; fileRef = 7E9E2EB32C23293B004E1361 /* UserDetailViewModel.swift */; };
		7EB808262C08C4A2004630C7 /* LocationManager.swift in Sources */ = {isa = PBXBuildFile; fileRef = 7EB808252C08C4A2004630C7 /* LocationManager.swift */; };
		7EBA77C92C0730B40035297D /* UsersListView.xib in Resources */ = {isa = PBXBuildFile; fileRef = 7EBA77C82C0730B40035297D /* UsersListView.xib */; };
		7EBA77CA2C0730B40035297D /* UsersListViewController.swift in Sources */ = {isa = PBXBuildFile; fileRef = 7EBA77C72C0730B40035297D /* UsersListViewController.swift */; };
		7EBA77D02C07369F0035297D /* UserCell.swift in Sources */ = {isa = PBXBuildFile; fileRef = 7EBA77CD2C07369F0035297D /* UserCell.swift */; };
		7EBA77D72C0746C80035297D /* AddUserView.xib in Resources */ = {isa = PBXBuildFile; fileRef = 7EBA77D62C0746C80035297D /* AddUserView.xib */; };
		7EBA77D82C0746C80035297D /* AddUserViewController.swift in Sources */ = {isa = PBXBuildFile; fileRef = 7EBA77D52C0746C80035297D /* AddUserViewController.swift */; };
		7EC924472C2C42A900FAA16B /* UpdateUserView.xib in Resources */ = {isa = PBXBuildFile; fileRef = 7EC924462C2C42A900FAA16B /* UpdateUserView.xib */; };
		7EC924482C2C42A900FAA16B /* UpdateUserViewController.swift in Sources */ = {isa = PBXBuildFile; fileRef = 7EC924452C2C42A900FAA16B /* UpdateUserViewController.swift */; };
		7EC9244B2C2C610000FAA16B /* UpdateUserViewModel.swift in Sources */ = {isa = PBXBuildFile; fileRef = 7EC9244A2C2C610000FAA16B /* UpdateUserViewModel.swift */; };
		7EC9244D2C2C611000FAA16B /* UpdateUserWireframe.swift in Sources */ = {isa = PBXBuildFile; fileRef = 7EC9244C2C2C611000FAA16B /* UpdateUserWireframe.swift */; };
		7EC924502C2C7CDF00FAA16B /* Utils.swift in Sources */ = {isa = PBXBuildFile; fileRef = 7EC9244F2C2C7CDF00FAA16B /* Utils.swift */; };
		7ED68F4D2C19B67600DB5819 /* AddUserWireframe.swift in Sources */ = {isa = PBXBuildFile; fileRef = 7ED68F4C2C19B67600DB5819 /* AddUserWireframe.swift */; };
		7EF877A62C29FF7C008C8581 /* MapView.xib in Resources */ = {isa = PBXBuildFile; fileRef = 7EF877A52C29FF7C008C8581 /* MapView.xib */; };
		7EF877A72C29FF7C008C8581 /* MapViewController.swift in Sources */ = {isa = PBXBuildFile; fileRef = 7EF877A42C29FF7C008C8581 /* MapViewController.swift */; };
/* End PBXBuildFile section */

/* Begin PBXFileReference section */
		7E035B502C18A9630009E848 /* UserDefaultsManager.swift */ = {isa = PBXFileReference; lastKnownFileType = sourcecode.swift; path = UserDefaultsManager.swift; sourceTree = "<group>"; };
		7E035B522C18AA790009E848 /* AddUserViewModel.swift */ = {isa = PBXFileReference; lastKnownFileType = sourcecode.swift; path = AddUserViewModel.swift; sourceTree = "<group>"; };
		7E035B542C18AAD10009E848 /* UsersListViewModel.swift */ = {isa = PBXFileReference; lastKnownFileType = sourcecode.swift; path = UsersListViewModel.swift; sourceTree = "<group>"; };
		7E035B562C18ABCC0009E848 /* UserListWireframe.swift */ = {isa = PBXFileReference; lastKnownFileType = sourcecode.swift; path = UserListWireframe.swift; sourceTree = "<group>"; };
		7E1819DE2C3DBCA100B39B45 /* GoogleService-Info.plist */ = {isa = PBXFileReference; fileEncoding = 4; lastKnownFileType = text.plist.xml; path = "GoogleService-Info.plist"; sourceTree = "<group>"; };
		7E2864772C10DBA8005F8C7F /* UserModel.swift */ = {isa = PBXFileReference; lastKnownFileType = sourcecode.swift; path = UserModel.swift; sourceTree = "<group>"; };
		7E862CDD2C2B359100EC39F3 /* MapWireframe.swift */ = {isa = PBXFileReference; lastKnownFileType = sourcecode.swift; path = MapWireframe.swift; sourceTree = "<group>"; };
		7E862CDF2C2B369F00EC39F3 /* MapViewModel.swift */ = {isa = PBXFileReference; lastKnownFileType = sourcecode.swift; path = MapViewModel.swift; sourceTree = "<group>"; };
		7E862CE12C2B472200EC39F3 /* UserCell.xib */ = {isa = PBXFileReference; lastKnownFileType = file.xib; path = UserCell.xib; sourceTree = "<group>"; };
		7E956CBE2C0644F1000B150E /* UsersInfoApp.app */ = {isa = PBXFileReference; explicitFileType = wrapper.application; includeInIndex = 0; path = UsersInfoApp.app; sourceTree = BUILT_PRODUCTS_DIR; };
		7E956CC12C0644F1000B150E /* AppDelegate.swift */ = {isa = PBXFileReference; lastKnownFileType = sourcecode.swift; path = AppDelegate.swift; sourceTree = "<group>"; };
		7E956CC32C0644F1000B150E /* SceneDelegate.swift */ = {isa = PBXFileReference; lastKnownFileType = sourcecode.swift; path = SceneDelegate.swift; sourceTree = "<group>"; };
		7E956CC82C0644F1000B150E /* Base */ = {isa = PBXFileReference; lastKnownFileType = file.storyboard; name = Base; path = Base.lproj/Main.storyboard; sourceTree = "<group>"; };
		7E956CCD2C0644F2000B150E /* Assets.xcassets */ = {isa = PBXFileReference; lastKnownFileType = folder.assetcatalog; path = Assets.xcassets; sourceTree = "<group>"; };
		7E956CD02C0644F2000B150E /* Base */ = {isa = PBXFileReference; lastKnownFileType = file.storyboard; name = Base; path = Base.lproj/LaunchScreen.storyboard; sourceTree = "<group>"; };
		7E956CD22C0644F2000B150E /* Info.plist */ = {isa = PBXFileReference; lastKnownFileType = text.plist.xml; path = Info.plist; sourceTree = "<group>"; };
		7E9E2EAC2C232905004E1361 /* UserDetailWireframe.swift */ = {isa = PBXFileReference; lastKnownFileType = sourcecode.swift; path = UserDetailWireframe.swift; sourceTree = "<group>"; };
		7E9E2EAE2C232918004E1361 /* UserDetailViewController.swift */ = {isa = PBXFileReference; lastKnownFileType = sourcecode.swift; path = UserDetailViewController.swift; sourceTree = "<group>"; };
		7E9E2EAF2C232918004E1361 /* UserDetailView.xib */ = {isa = PBXFileReference; lastKnownFileType = file.xib; path = UserDetailView.xib; sourceTree = "<group>"; };
		7E9E2EB32C23293B004E1361 /* UserDetailViewModel.swift */ = {isa = PBXFileReference; lastKnownFileType = sourcecode.swift; path = UserDetailViewModel.swift; sourceTree = "<group>"; };
		7EB808252C08C4A2004630C7 /* LocationManager.swift */ = {isa = PBXFileReference; lastKnownFileType = sourcecode.swift; path = LocationManager.swift; sourceTree = "<group>"; };
		7EBA77C72C0730B40035297D /* UsersListViewController.swift */ = {isa = PBXFileReference; lastKnownFileType = sourcecode.swift; path = UsersListViewController.swift; sourceTree = "<group>"; };
		7EBA77C82C0730B40035297D /* UsersListView.xib */ = {isa = PBXFileReference; lastKnownFileType = file.xib; path = UsersListView.xib; sourceTree = "<group>"; };
		7EBA77CD2C07369F0035297D /* UserCell.swift */ = {isa = PBXFileReference; lastKnownFileType = sourcecode.swift; path = UserCell.swift; sourceTree = "<group>"; };
		7EBA77D52C0746C80035297D /* AddUserViewController.swift */ = {isa = PBXFileReference; lastKnownFileType = sourcecode.swift; path = AddUserViewController.swift; sourceTree = "<group>"; };
		7EBA77D62C0746C80035297D /* AddUserView.xib */ = {isa = PBXFileReference; lastKnownFileType = file.xib; path = AddUserView.xib; sourceTree = "<group>"; };
		7EC924452C2C42A900FAA16B /* UpdateUserViewController.swift */ = {isa = PBXFileReference; lastKnownFileType = sourcecode.swift; path = UpdateUserViewController.swift; sourceTree = "<group>"; };
		7EC924462C2C42A900FAA16B /* UpdateUserView.xib */ = {isa = PBXFileReference; lastKnownFileType = file.xib; path = UpdateUserView.xib; sourceTree = "<group>"; };
		7EC9244A2C2C610000FAA16B /* UpdateUserViewModel.swift */ = {isa = PBXFileReference; lastKnownFileType = sourcecode.swift; path = UpdateUserViewModel.swift; sourceTree = "<group>"; };
		7EC9244C2C2C611000FAA16B /* UpdateUserWireframe.swift */ = {isa = PBXFileReference; lastKnownFileType = sourcecode.swift; path = UpdateUserWireframe.swift; sourceTree = "<group>"; };
		7EC9244F2C2C7CDF00FAA16B /* Utils.swift */ = {isa = PBXFileReference; lastKnownFileType = sourcecode.swift; path = Utils.swift; sourceTree = "<group>"; };
		7ED68F4C2C19B67600DB5819 /* AddUserWireframe.swift */ = {isa = PBXFileReference; lastKnownFileType = sourcecode.swift; path = AddUserWireframe.swift; sourceTree = "<group>"; };
		7EF877A42C29FF7C008C8581 /* MapViewController.swift */ = {isa = PBXFileReference; lastKnownFileType = sourcecode.swift; path = MapViewController.swift; sourceTree = "<group>"; };
		7EF877A52C29FF7C008C8581 /* MapView.xib */ = {isa = PBXFileReference; lastKnownFileType = file.xib; path = MapView.xib; sourceTree = "<group>"; };
/* End PBXFileReference section */

/* Begin PBXFrameworksBuildPhase section */
		7E956CBB2C0644F1000B150E /* Frameworks */ = {
			isa = PBXFrameworksBuildPhase;
			buildActionMask = 2147483647;
			files = (
				7E1819D72C3DA95000B39B45 /* FirebaseAnalytics in Frameworks */,
				7E1819D92C3DA95000B39B45 /* FirebaseCrashlytics in Frameworks */,
			);
			runOnlyForDeploymentPostprocessing = 0;
		};
/* End PBXFrameworksBuildPhase section */

/* Begin PBXGroup section */
		7E2864762C10DB9C005F8C7F /* model */ = {
			isa = PBXGroup;
			children = (
				7E2864772C10DBA8005F8C7F /* UserModel.swift */,
			);
			path = model;
			sourceTree = "<group>";
		};
		7E956CB52C0644F0000B150E = {
			isa = PBXGroup;
			children = (
				7E956CC02C0644F1000B150E /* UsersInfoApp */,
				7E956CBF2C0644F1000B150E /* Products */,
			);
			sourceTree = "<group>";
		};
		7E956CBF2C0644F1000B150E /* Products */ = {
			isa = PBXGroup;
			children = (
				7E956CBE2C0644F1000B150E /* UsersInfoApp.app */,
			);
			name = Products;
			sourceTree = "<group>";
		};
		7E956CC02C0644F1000B150E /* UsersInfoApp */ = {
			isa = PBXGroup;
			children = (
				7E9E2EB52C233AE2004E1361 /* common */,
				7EBA77D12C07371E0035297D /* data */,
				7EBA77C52C072F5E0035297D /* screens */,
				7E956CC12C0644F1000B150E /* AppDelegate.swift */,
				7E956CC32C0644F1000B150E /* SceneDelegate.swift */,
				7E956CC72C0644F1000B150E /* Main.storyboard */,
				7E956CCD2C0644F2000B150E /* Assets.xcassets */,
				7E956CCF2C0644F2000B150E /* LaunchScreen.storyboard */,
				7E956CD22C0644F2000B150E /* Info.plist */,
				7E1819DE2C3DBCA100B39B45 /* GoogleService-Info.plist */,
			);
			path = UsersInfoApp;
			sourceTree = "<group>";
		};
		7E9E2EAB2C2328F4004E1361 /* user_detail */ = {
			isa = PBXGroup;
			children = (
				7E9E2EB22C232928004E1361 /* view */,
				7E9E2EAC2C232905004E1361 /* UserDetailWireframe.swift */,
				7E9E2EB32C23293B004E1361 /* UserDetailViewModel.swift */,
			);
			path = user_detail;
			sourceTree = "<group>";
		};
		7E9E2EB22C232928004E1361 /* view */ = {
			isa = PBXGroup;
			children = (
				7E9E2EAE2C232918004E1361 /* UserDetailViewController.swift */,
				7E9E2EAF2C232918004E1361 /* UserDetailView.xib */,
			);
			path = view;
			sourceTree = "<group>";
		};
		7E9E2EB52C233AE2004E1361 /* common */ = {
			isa = PBXGroup;
			children = (
				7EC9244F2C2C7CDF00FAA16B /* Utils.swift */,
			);
			path = common;
			sourceTree = "<group>";
		};
		7EBA77C52C072F5E0035297D /* screens */ = {
			isa = PBXGroup;
			children = (
				7EC924442C2C428C00FAA16B /* update_user */,
				7EF877A32C29FF58008C8581 /* map */,
				7E9E2EAB2C2328F4004E1361 /* user_detail */,
				7EBA77D42C0746AD0035297D /* add_user */,
				7EBA77C62C0730930035297D /* users_list */,
			);
			path = screens;
			sourceTree = "<group>";
		};
		7EBA77C62C0730930035297D /* users_list */ = {
			isa = PBXGroup;
			children = (
				7EBA77CB2C07367A0035297D /* view */,
				7E035B562C18ABCC0009E848 /* UserListWireframe.swift */,
				7E035B542C18AAD10009E848 /* UsersListViewModel.swift */,
			);
			path = users_list;
			sourceTree = "<group>";
		};
		7EBA77CB2C07367A0035297D /* view */ = {
			isa = PBXGroup;
			children = (
				7EBA77CC2C0736830035297D /* cell */,
				7EBA77C72C0730B40035297D /* UsersListViewController.swift */,
				7EBA77C82C0730B40035297D /* UsersListView.xib */,
			);
			path = view;
			sourceTree = "<group>";
		};
		7EBA77CC2C0736830035297D /* cell */ = {
			isa = PBXGroup;
			children = (
				7EBA77CD2C07369F0035297D /* UserCell.swift */,
				7E862CE12C2B472200EC39F3 /* UserCell.xib */,
			);
			path = cell;
			sourceTree = "<group>";
		};
		7EBA77D12C07371E0035297D /* data */ = {
			isa = PBXGroup;
			children = (
				7E2864762C10DB9C005F8C7F /* model */,
				7E035B502C18A9630009E848 /* UserDefaultsManager.swift */,
			);
			path = data;
			sourceTree = "<group>";
		};
		7EBA77D42C0746AD0035297D /* add_user */ = {
			isa = PBXGroup;
			children = (
				7ED68F4B2C19B51400DB5819 /* view */,
				7EB808252C08C4A2004630C7 /* LocationManager.swift */,
				7E035B522C18AA790009E848 /* AddUserViewModel.swift */,
				7ED68F4C2C19B67600DB5819 /* AddUserWireframe.swift */,
			);
			path = add_user;
			sourceTree = "<group>";
		};
		7EC924442C2C428C00FAA16B /* update_user */ = {
			isa = PBXGroup;
			children = (
				7EC924492C2C60EB00FAA16B /* view */,
				7EC9244A2C2C610000FAA16B /* UpdateUserViewModel.swift */,
				7EC9244C2C2C611000FAA16B /* UpdateUserWireframe.swift */,
			);
			path = update_user;
			sourceTree = "<group>";
		};
		7EC924492C2C60EB00FAA16B /* view */ = {
			isa = PBXGroup;
			children = (
				7EC924452C2C42A900FAA16B /* UpdateUserViewController.swift */,
				7EC924462C2C42A900FAA16B /* UpdateUserView.xib */,
			);
			path = view;
			sourceTree = "<group>";
		};
		7EC9244E2C2C7B2500FAA16B /* view */ = {
			isa = PBXGroup;
			children = (
				7EF877A42C29FF7C008C8581 /* MapViewController.swift */,
				7EF877A52C29FF7C008C8581 /* MapView.xib */,
			);
			path = view;
			sourceTree = "<group>";
		};
		7ED68F4B2C19B51400DB5819 /* view */ = {
			isa = PBXGroup;
			children = (
				7EBA77D52C0746C80035297D /* AddUserViewController.swift */,
				7EBA77D62C0746C80035297D /* AddUserView.xib */,
			);
			path = view;
			sourceTree = "<group>";
		};
		7EF877A32C29FF58008C8581 /* map */ = {
			isa = PBXGroup;
			children = (
				7EC9244E2C2C7B2500FAA16B /* view */,
				7E862CDD2C2B359100EC39F3 /* MapWireframe.swift */,
				7E862CDF2C2B369F00EC39F3 /* MapViewModel.swift */,
			);
			path = map;
			sourceTree = "<group>";
		};
/* End PBXGroup section */

/* Begin PBXNativeTarget section */
		7E956CBD2C0644F1000B150E /* UsersInfoApp */ = {
			isa = PBXNativeTarget;
			buildConfigurationList = 7E956CD52C0644F2000B150E /* Build configuration list for PBXNativeTarget "UsersInfoApp" */;
			buildPhases = (
				7E956CBA2C0644F1000B150E /* Sources */,
				7E956CBB2C0644F1000B150E /* Frameworks */,
				7E956CBC2C0644F1000B150E /* Resources */,
				7E9230FF2C46E39100C69E3C /* ShellScript */,
			);
			buildRules = (
			);
			dependencies = (
			);
			name = UsersInfoApp;
			packageProductDependencies = (
				7E1819D62C3DA95000B39B45 /* FirebaseAnalytics */,
				7E1819D82C3DA95000B39B45 /* FirebaseCrashlytics */,
			);
			productName = UsersInfoApp;
			productReference = 7E956CBE2C0644F1000B150E /* UsersInfoApp.app */;
			productType = "com.apple.product-type.application";
		};
/* End PBXNativeTarget section */

/* Begin PBXProject section */
		7E956CB62C0644F0000B150E /* Project object */ = {
			isa = PBXProject;
			attributes = {
				BuildIndependentTargetsInParallel = 1;
				LastSwiftUpdateCheck = 1530;
				LastUpgradeCheck = 1530;
				TargetAttributes = {
					7E956CBD2C0644F1000B150E = {
						CreatedOnToolsVersion = 15.3;
					};
				};
			};
			buildConfigurationList = 7E956CB92C0644F0000B150E /* Build configuration list for PBXProject "UsersInfoApp" */;
			compatibilityVersion = "Xcode 14.0";
			developmentRegion = en;
			hasScannedForEncodings = 0;
			knownRegions = (
				en,
				Base,
			);
			mainGroup = 7E956CB52C0644F0000B150E;
			packageReferences = (
				7E1819D52C3DA95000B39B45 /* XCRemoteSwiftPackageReference "firebase-ios-sdk" */,
			);
			productRefGroup = 7E956CBF2C0644F1000B150E /* Products */;
			projectDirPath = "";
			projectRoot = "";
			targets = (
				7E956CBD2C0644F1000B150E /* UsersInfoApp */,
			);
		};
/* End PBXProject section */

/* Begin PBXResourcesBuildPhase section */
		7E956CBC2C0644F1000B150E /* Resources */ = {
			isa = PBXResourcesBuildPhase;
			buildActionMask = 2147483647;
			files = (
				7E956CCE2C0644F2000B150E /* Assets.xcassets in Resources */,
				7EBA77C92C0730B40035297D /* UsersListView.xib in Resources */,
				7E956CD12C0644F2000B150E /* Base in Resources */,
				7EF877A62C29FF7C008C8581 /* MapView.xib in Resources */,
				7E862CE22C2B472200EC39F3 /* UserCell.xib in Resources */,
				7E956CC92C0644F1000B150E /* Base in Resources */,
				7EC924472C2C42A900FAA16B /* UpdateUserView.xib in Resources */,
				7E1819DF2C3DBCA100B39B45 /* GoogleService-Info.plist in Resources */,
				7E9E2EB02C232918004E1361 /* UserDetailView.xib in Resources */,
				7EBA77D72C0746C80035297D /* AddUserView.xib in Resources */,
			);
			runOnlyForDeploymentPostprocessing = 0;
		};
/* End PBXResourcesBuildPhase section */

/* Begin PBXShellScriptBuildPhase section */
		7E9230FF2C46E39100C69E3C /* ShellScript */ = {
			isa = PBXShellScriptBuildPhase;
			buildActionMask = 2147483647;
			files = (
			);
			inputFileListPaths = (
			);
			inputPaths = (
				"${DWARF_DSYM_FOLDER_PATH}/${DWARF_DSYM_FILE_NAME}",
				"${DWARF_DSYM_FOLDER_PATH}/${DWARF_DSYM_FILE_NAME}/Contents/Resources/DWARF/${PRODUCT_NAME}",
				"${DWARF_DSYM_FOLDER_PATH}/${DWARF_DSYM_FILE_NAME}/Contents/Info.plist",
				"$(TARGET_BUILD_DIR)/$(UNLOCALIZED_RESOURCES_FOLDER_PATH)/GoogleService-Info.plist",
				"$(TARGET_BUILD_DIR)/$(EXECUTABLE_PATH)",
			);
			outputFileListPaths = (
			);
			outputPaths = (
			);
			runOnlyForDeploymentPostprocessing = 0;
			shellPath = /bin/sh;
			shellScript = "# Type a script or drag a script file from your workspace to insert its path.\n\"${BUILD_DIR%/Build/*}/SourcePackages/checkouts/firebase-ios-sdk/Crashlytics/run\"\n";
		};
/* End PBXShellScriptBuildPhase section */

/* Begin PBXSourcesBuildPhase section */
		7E956CBA2C0644F1000B150E /* Sources */ = {
			isa = PBXSourcesBuildPhase;
			buildActionMask = 2147483647;
			files = (
				7E9E2EB12C232918004E1361 /* UserDetailViewController.swift in Sources */,
				7E035B572C18ABCC0009E848 /* UserListWireframe.swift in Sources */,
				7EBA77CA2C0730B40035297D /* UsersListViewController.swift in Sources */,
				7E956CC22C0644F1000B150E /* AppDelegate.swift in Sources */,
				7E035B532C18AA790009E848 /* AddUserViewModel.swift in Sources */,
				7E035B552C18AAD10009E848 /* UsersListViewModel.swift in Sources */,
				7EC924482C2C42A900FAA16B /* UpdateUserViewController.swift in Sources */,
				7EBA77D02C07369F0035297D /* UserCell.swift in Sources */,
				7EC9244D2C2C611000FAA16B /* UpdateUserWireframe.swift in Sources */,
				7EB808262C08C4A2004630C7 /* LocationManager.swift in Sources */,
				7EBA77D82C0746C80035297D /* AddUserViewController.swift in Sources */,
				7E2864782C10DBA8005F8C7F /* UserModel.swift in Sources */,
				7E035B512C18A9630009E848 /* UserDefaultsManager.swift in Sources */,
				7E862CE02C2B369F00EC39F3 /* MapViewModel.swift in Sources */,
				7EC924502C2C7CDF00FAA16B /* Utils.swift in Sources */,
				7EC9244B2C2C610000FAA16B /* UpdateUserViewModel.swift in Sources */,
				7E956CC42C0644F1000B150E /* SceneDelegate.swift in Sources */,
				7E862CDE2C2B359200EC39F3 /* MapWireframe.swift in Sources */,
				7E9E2EB42C23293B004E1361 /* UserDetailViewModel.swift in Sources */,
				7ED68F4D2C19B67600DB5819 /* AddUserWireframe.swift in Sources */,
				7E9E2EAD2C232905004E1361 /* UserDetailWireframe.swift in Sources */,
				7EF877A72C29FF7C008C8581 /* MapViewController.swift in Sources */,
			);
			runOnlyForDeploymentPostprocessing = 0;
		};
/* End PBXSourcesBuildPhase section */

/* Begin PBXVariantGroup section */
		7E956CC72C0644F1000B150E /* Main.storyboard */ = {
			isa = PBXVariantGroup;
			children = (
				7E956CC82C0644F1000B150E /* Base */,
			);
			name = Main.storyboard;
			sourceTree = "<group>";
		};
		7E956CCF2C0644F2000B150E /* LaunchScreen.storyboard */ = {
			isa = PBXVariantGroup;
			children = (
				7E956CD02C0644F2000B150E /* Base */,
			);
			name = LaunchScreen.storyboard;
			sourceTree = "<group>";
		};
/* End PBXVariantGroup section */

/* Begin XCBuildConfiguration section */
		7E956CD32C0644F2000B150E /* Debug */ = {
			isa = XCBuildConfiguration;
			buildSettings = {
				ALWAYS_SEARCH_USER_PATHS = NO;
				ASSETCATALOG_COMPILER_GENERATE_SWIFT_ASSET_SYMBOL_EXTENSIONS = YES;
				CLANG_ANALYZER_NONNULL = YES;
				CLANG_ANALYZER_NUMBER_OBJECT_CONVERSION = YES_AGGRESSIVE;
				CLANG_CXX_LANGUAGE_STANDARD = "gnu++20";
				CLANG_ENABLE_MODULES = YES;
				CLANG_ENABLE_OBJC_ARC = YES;
				CLANG_ENABLE_OBJC_WEAK = YES;
				CLANG_WARN_BLOCK_CAPTURE_AUTORELEASING = YES;
				CLANG_WARN_BOOL_CONVERSION = YES;
				CLANG_WARN_COMMA = YES;
				CLANG_WARN_CONSTANT_CONVERSION = YES;
				CLANG_WARN_DEPRECATED_OBJC_IMPLEMENTATIONS = YES;
				CLANG_WARN_DIRECT_OBJC_ISA_USAGE = YES_ERROR;
				CLANG_WARN_DOCUMENTATION_COMMENTS = YES;
				CLANG_WARN_EMPTY_BODY = YES;
				CLANG_WARN_ENUM_CONVERSION = YES;
				CLANG_WARN_INFINITE_RECURSION = YES;
				CLANG_WARN_INT_CONVERSION = YES;
				CLANG_WARN_NON_LITERAL_NULL_CONVERSION = YES;
				CLANG_WARN_OBJC_IMPLICIT_RETAIN_SELF = YES;
				CLANG_WARN_OBJC_LITERAL_CONVERSION = YES;
				CLANG_WARN_OBJC_ROOT_CLASS = YES_ERROR;
				CLANG_WARN_QUOTED_INCLUDE_IN_FRAMEWORK_HEADER = YES;
				CLANG_WARN_RANGE_LOOP_ANALYSIS = YES;
				CLANG_WARN_STRICT_PROTOTYPES = YES;
				CLANG_WARN_SUSPICIOUS_MOVE = YES;
				CLANG_WARN_UNGUARDED_AVAILABILITY = YES_AGGRESSIVE;
				CLANG_WARN_UNREACHABLE_CODE = YES;
				CLANG_WARN__DUPLICATE_METHOD_MATCH = YES;
				COPY_PHASE_STRIP = NO;
				DEBUG_INFORMATION_FORMAT = dwarf;
				ENABLE_STRICT_OBJC_MSGSEND = YES;
				ENABLE_TESTABILITY = YES;
				ENABLE_USER_SCRIPT_SANDBOXING = YES;
				GCC_C_LANGUAGE_STANDARD = gnu17;
				GCC_DYNAMIC_NO_PIC = NO;
				GCC_NO_COMMON_BLOCKS = YES;
				GCC_OPTIMIZATION_LEVEL = 0;
				GCC_PREPROCESSOR_DEFINITIONS = (
					"DEBUG=1",
					"$(inherited)",
				);
				GCC_WARN_64_TO_32_BIT_CONVERSION = YES;
				GCC_WARN_ABOUT_RETURN_TYPE = YES_ERROR;
				GCC_WARN_UNDECLARED_SELECTOR = YES;
				GCC_WARN_UNINITIALIZED_AUTOS = YES_AGGRESSIVE;
				GCC_WARN_UNUSED_FUNCTION = YES;
				GCC_WARN_UNUSED_VARIABLE = YES;
				IPHONEOS_DEPLOYMENT_TARGET = 17.4;
				LOCALIZATION_PREFERS_STRING_CATALOGS = YES;
				MTL_ENABLE_DEBUG_INFO = INCLUDE_SOURCE;
				MTL_FAST_MATH = YES;
				ONLY_ACTIVE_ARCH = YES;
				SDKROOT = iphoneos;
				SWIFT_ACTIVE_COMPILATION_CONDITIONS = "DEBUG $(inherited)";
				SWIFT_OPTIMIZATION_LEVEL = "-Onone";
			};
			name = Debug;
		};
		7E956CD42C0644F2000B150E /* Release */ = {
			isa = XCBuildConfiguration;
			buildSettings = {
				ALWAYS_SEARCH_USER_PATHS = NO;
				ASSETCATALOG_COMPILER_GENERATE_SWIFT_ASSET_SYMBOL_EXTENSIONS = YES;
				CLANG_ANALYZER_NONNULL = YES;
				CLANG_ANALYZER_NUMBER_OBJECT_CONVERSION = YES_AGGRESSIVE;
				CLANG_CXX_LANGUAGE_STANDARD = "gnu++20";
				CLANG_ENABLE_MODULES = YES;
				CLANG_ENABLE_OBJC_ARC = YES;
				CLANG_ENABLE_OBJC_WEAK = YES;
				CLANG_WARN_BLOCK_CAPTURE_AUTORELEASING = YES;
				CLANG_WARN_BOOL_CONVERSION = YES;
				CLANG_WARN_COMMA = YES;
				CLANG_WARN_CONSTANT_CONVERSION = YES;
				CLANG_WARN_DEPRECATED_OBJC_IMPLEMENTATIONS = YES;
				CLANG_WARN_DIRECT_OBJC_ISA_USAGE = YES_ERROR;
				CLANG_WARN_DOCUMENTATION_COMMENTS = YES;
				CLANG_WARN_EMPTY_BODY = YES;
				CLANG_WARN_ENUM_CONVERSION = YES;
				CLANG_WARN_INFINITE_RECURSION = YES;
				CLANG_WARN_INT_CONVERSION = YES;
				CLANG_WARN_NON_LITERAL_NULL_CONVERSION = YES;
				CLANG_WARN_OBJC_IMPLICIT_RETAIN_SELF = YES;
				CLANG_WARN_OBJC_LITERAL_CONVERSION = YES;
				CLANG_WARN_OBJC_ROOT_CLASS = YES_ERROR;
				CLANG_WARN_QUOTED_INCLUDE_IN_FRAMEWORK_HEADER = YES;
				CLANG_WARN_RANGE_LOOP_ANALYSIS = YES;
				CLANG_WARN_STRICT_PROTOTYPES = YES;
				CLANG_WARN_SUSPICIOUS_MOVE = YES;
				CLANG_WARN_UNGUARDED_AVAILABILITY = YES_AGGRESSIVE;
				CLANG_WARN_UNREACHABLE_CODE = YES;
				CLANG_WARN__DUPLICATE_METHOD_MATCH = YES;
				COPY_PHASE_STRIP = NO;
				DEBUG_INFORMATION_FORMAT = "dwarf-with-dsym";
				ENABLE_NS_ASSERTIONS = NO;
				ENABLE_STRICT_OBJC_MSGSEND = YES;
				ENABLE_USER_SCRIPT_SANDBOXING = YES;
				GCC_C_LANGUAGE_STANDARD = gnu17;
				GCC_NO_COMMON_BLOCKS = YES;
				GCC_WARN_64_TO_32_BIT_CONVERSION = YES;
				GCC_WARN_ABOUT_RETURN_TYPE = YES_ERROR;
				GCC_WARN_UNDECLARED_SELECTOR = YES;
				GCC_WARN_UNINITIALIZED_AUTOS = YES_AGGRESSIVE;
				GCC_WARN_UNUSED_FUNCTION = YES;
				GCC_WARN_UNUSED_VARIABLE = YES;
				IPHONEOS_DEPLOYMENT_TARGET = 17.4;
				LOCALIZATION_PREFERS_STRING_CATALOGS = YES;
				MTL_ENABLE_DEBUG_INFO = NO;
				MTL_FAST_MATH = YES;
				SDKROOT = iphoneos;
				SWIFT_COMPILATION_MODE = wholemodule;
				VALIDATE_PRODUCT = YES;
			};
			name = Release;
		};
		7E956CD62C0644F2000B150E /* Debug */ = {
			isa = XCBuildConfiguration;
			buildSettings = {
				ASSETCATALOG_COMPILER_APPICON_NAME = AppIcon;
				ASSETCATALOG_COMPILER_GLOBAL_ACCENT_COLOR_NAME = AccentColor;
				CODE_SIGN_STYLE = Automatic;
				CURRENT_PROJECT_VERSION = 1;
				DEBUG_INFORMATION_FORMAT = "dwarf-with-dsym";
				DEVELOPMENT_TEAM = 4LP75YDTX4;
				GENERATE_INFOPLIST_FILE = YES;
				INFOPLIST_FILE = UsersInfoApp/Info.plist;
				INFOPLIST_KEY_NSLocationWhenInUseUsageDescription = "Please allow location access to use our app";
				INFOPLIST_KEY_UIApplicationSupportsIndirectInputEvents = YES;
				INFOPLIST_KEY_UILaunchStoryboardName = LaunchScreen;
				INFOPLIST_KEY_UIMainStoryboardFile = Main;
				INFOPLIST_KEY_UISupportedInterfaceOrientations_iPad = "UIInterfaceOrientationPortrait UIInterfaceOrientationPortraitUpsideDown UIInterfaceOrientationLandscapeLeft UIInterfaceOrientationLandscapeRight";
				INFOPLIST_KEY_UISupportedInterfaceOrientations_iPhone = "UIInterfaceOrientationPortrait UIInterfaceOrientationLandscapeLeft UIInterfaceOrientationLandscapeRight";
				LD_RUNPATH_SEARCH_PATHS = (
					"$(inherited)",
					"@executable_path/Frameworks",
				);
				MARKETING_VERSION = 1.0;
				PRODUCT_BUNDLE_IDENTIFIER = es.acdominguez.UsersInfoApp;
				PRODUCT_NAME = "$(TARGET_NAME)";
				SWIFT_EMIT_LOC_STRINGS = YES;
				SWIFT_VERSION = 5.0;
				TARGETED_DEVICE_FAMILY = "1,2";
			};
			name = Debug;
		};
		7E956CD72C0644F2000B150E /* Release */ = {
			isa = XCBuildConfiguration;
			buildSettings = {
				ASSETCATALOG_COMPILER_APPICON_NAME = AppIcon;
				ASSETCATALOG_COMPILER_GLOBAL_ACCENT_COLOR_NAME = AccentColor;
				CODE_SIGN_STYLE = Automatic;
				CURRENT_PROJECT_VERSION = 1;
				DEBUG_INFORMATION_FORMAT = "dwarf-with-dsym";
				DEVELOPMENT_TEAM = 4LP75YDTX4;
				GENERATE_INFOPLIST_FILE = YES;
				INFOPLIST_FILE = UsersInfoApp/Info.plist;
				INFOPLIST_KEY_NSLocationWhenInUseUsageDescription = "Please allow location access to use our app";
				INFOPLIST_KEY_UIApplicationSupportsIndirectInputEvents = YES;
				INFOPLIST_KEY_UILaunchStoryboardName = LaunchScreen;
				INFOPLIST_KEY_UIMainStoryboardFile = Main;
				INFOPLIST_KEY_UISupportedInterfaceOrientations_iPad = "UIInterfaceOrientationPortrait UIInterfaceOrientationPortraitUpsideDown UIInterfaceOrientationLandscapeLeft UIInterfaceOrientationLandscapeRight";
				INFOPLIST_KEY_UISupportedInterfaceOrientations_iPhone = "UIInterfaceOrientationPortrait UIInterfaceOrientationLandscapeLeft UIInterfaceOrientationLandscapeRight";
				LD_RUNPATH_SEARCH_PATHS = (
					"$(inherited)",
					"@executable_path/Frameworks",
				);
				MARKETING_VERSION = 1.0;
				PRODUCT_BUNDLE_IDENTIFIER = es.acdominguez.UsersInfoApp;
				PRODUCT_NAME = "$(TARGET_NAME)";
				SWIFT_EMIT_LOC_STRINGS = YES;
				SWIFT_VERSION = 5.0;
				TARGETED_DEVICE_FAMILY = "1,2";
			};
			name = Release;
		};
/* End XCBuildConfiguration section */

/* Begin XCConfigurationList section */
		7E956CB92C0644F0000B150E /* Build configuration list for PBXProject "UsersInfoApp" */ = {
			isa = XCConfigurationList;
			buildConfigurations = (
				7E956CD32C0644F2000B150E /* Debug */,
				7E956CD42C0644F2000B150E /* Release */,
			);
			defaultConfigurationIsVisible = 0;
			defaultConfigurationName = Release;
		};
		7E956CD52C0644F2000B150E /* Build configuration list for PBXNativeTarget "UsersInfoApp" */ = {
			isa = XCConfigurationList;
			buildConfigurations = (
				7E956CD62C0644F2000B150E /* Debug */,
				7E956CD72C0644F2000B150E /* Release */,
			);
			defaultConfigurationIsVisible = 0;
			defaultConfigurationName = Release;
		};
/* End XCConfigurationList section */

/* Begin XCRemoteSwiftPackageReference section */
		7E1819D52C3DA95000B39B45 /* XCRemoteSwiftPackageReference "firebase-ios-sdk" */ = {
			isa = XCRemoteSwiftPackageReference;
			repositoryURL = "https://github.com/firebase/firebase-ios-sdk";
			requirement = {
				kind = upToNextMajorVersion;
				minimumVersion = 10.29.0;
			};
		};
/* End XCRemoteSwiftPackageReference section */

/* Begin XCSwiftPackageProductDependency section */
		7E1819D62C3DA95000B39B45 /* FirebaseAnalytics */ = {
			isa = XCSwiftPackageProductDependency;
			package = 7E1819D52C3DA95000B39B45 /* XCRemoteSwiftPackageReference "firebase-ios-sdk" */;
			productName = FirebaseAnalytics;
		};
		7E1819D82C3DA95000B39B45 /* FirebaseCrashlytics */ = {
			isa = XCSwiftPackageProductDependency;
			package = 7E1819D52C3DA95000B39B45 /* XCRemoteSwiftPackageReference "firebase-ios-sdk" */;
			productName = FirebaseCrashlytics;
		};
/* End XCSwiftPackageProductDependency section */
	};
	rootObject = 7E956CB62C0644F0000B150E /* Project object */;
}
